
Microsoft Visual Studio Solution File, Format Version 12.00
# Visual Studio Version 17
VisualStudioVersion = 17.2.32616.157
MinimumVisualStudioVersion = 10.0.40219.1
Project("{9A19103F-16F7-4668-BE54-9A1E7A4F7556}") = "InboundCalling.Sample", "src\InboundCalling.Sample\InboundCalling.Sample.csproj", "{5769982E-859D-46B5-BE7A-21CECA12AE67}"
EndProject
Global
	GlobalSection(SolutionConfigurationPlatforms) = preSolution
		Debug|Any CPU = Debug|Any CPU
		Release|Any CPU = Release|Any CPU
	EndGlobalSection
	GlobalSection(ProjectConfigurationPlatforms) = postSolution
		{5769982E-859D-46B5-BE7A-21CECA12AE67}.Debug|Any CPU.ActiveCfg = Debug|Any CPU
		{5769982E-859D-46B5-BE7A-21CECA12AE67}.Debug|Any CPU.Build.0 = Debug|Any CPU
		{5769982E-859D-46B5-BE7A-21CECA12AE67}.Release|Any CPU.ActiveCfg = Release|Any CPU
		{5769982E-859D-46B5-BE7A-21CECA12AE67}.Release|Any CPU.Build.0 = Release|Any CPU
	EndGlobalSection
	GlobalSection(SolutionProperties) = preSolution
		HideSolutionNode = FALSE
	EndGlobalSection
	GlobalSection(ExtensibilityGlobals) = postSolution
		SolutionGuid = {9B30ED17-360F-45B4-844E-77065D93E47D}
	EndGlobalSection
EndGlobal
